
Microsoft Visual Studio Solution File, Format Version 12.00
# Visual Studio Version 16
VisualStudioVersion = 16.0.29209.62
MinimumVisualStudioVersion = 10.0.40219.1
Project("{FAE04EC0-301F-11D3-BF4B-00C04F79EFBC}") = "KursProject", "KursProject.csproj", "{8115FE7C-9B61-4A91-924B-F33E42699830}"
EndProject
Global
	GlobalSection(SolutionConfigurationPlatforms) = preSolution
		Debug|Any CPU = Debug|Any CPU
		Release|Any CPU = Release|Any CPU
	EndGlobalSection
	GlobalSection(ProjectConfigurationPlatforms) = postSolution
		{8115FE7C-9B61-4A91-924B-F33E42699830}.Debug|Any CPU.ActiveCfg = Debug|Any CPU
		{8115FE7C-9B61-4A91-924B-F33E42699830}.Debug|Any CPU.Build.0 = Debug|Any CPU
		{8115FE7C-9B61-4A91-924B-F33E42699830}.Release|Any CPU.ActiveCfg = Release|Any CPU
		{8115FE7C-9B61-4A91-924B-F33E42699830}.Release|Any CPU.Build.0 = Release|Any CPU
	EndGlobalSection
	GlobalSection(SolutionProperties) = preSolution
		HideSolutionNode = FALSE
	EndGlobalSection
	GlobalSection(ExtensibilityGlobals) = postSolution
		SolutionGuid = {BB3A6887-C97E-4638-9DCA-AC8BE3212627}
	EndGlobalSection
EndGlobal
